
Microsoft Visual Studio Solution File, Format Version 12.00
# Visual Studio Version 17
VisualStudioVersion = 17.6.33829.357
MinimumVisualStudioVersion = 10.0.40219.1
Project("{FAE04EC0-301F-11D3-BF4B-00C04F79EFBC}") = "Service.UserManager", "Service.UserManager\Service.UserManager.csproj", "{5EEA10D4-33B7-478E-AAC5-BED71E4B09F5}"
EndProject
Global
	GlobalSection(SolutionConfigurationPlatforms) = preSolution
		Debug|Any CPU = Debug|Any CPU
		Release|Any CPU = Release|Any CPU
	EndGlobalSection
	GlobalSection(ProjectConfigurationPlatforms) = postSolution
		{5EEA10D4-33B7-478E-AAC5-BED71E4B09F5}.Debug|Any CPU.ActiveCfg = Debug|Any CPU
		{5EEA10D4-33B7-478E-AAC5-BED71E4B09F5}.Debug|Any CPU.Build.0 = Debug|Any CPU
		{5EEA10D4-33B7-478E-AAC5-BED71E4B09F5}.Release|Any CPU.ActiveCfg = Release|Any CPU
		{5EEA10D4-33B7-478E-AAC5-BED71E4B09F5}.Release|Any CPU.Build.0 = Release|Any CPU
	EndGlobalSection
	GlobalSection(SolutionProperties) = preSolution
		HideSolutionNode = FALSE
	EndGlobalSection
	GlobalSection(ExtensibilityGlobals) = postSolution
		SolutionGuid = {8BDB2443-53BB-4296-91FB-17DA175ED88D}
	EndGlobalSection
EndGlobal
